// !$*UTF8*$!
{
	archiveVersion = 1;
	classes = {
	};
	objectVersion = 50;
	objects = {

/* Begin PBXBuildFile section */
		41E6077223CCCF750052492D /* AppDelegate.swift in Sources */ = {isa = PBXBuildFile; fileRef = 41E6077123CCCF750052492D /* AppDelegate.swift */; };
		41E6077423CCCF750052492D /* SceneDelegate.swift in Sources */ = {isa = PBXBuildFile; fileRef = 41E6077323CCCF750052492D /* SceneDelegate.swift */; };
		41E6077623CCCF750052492D /* ContentView.swift in Sources */ = {isa = PBXBuildFile; fileRef = 41E6077523CCCF750052492D /* ContentView.swift */; };
		41E6077823CCCF780052492D /* Assets.xcassets in Resources */ = {isa = PBXBuildFile; fileRef = 41E6077723CCCF780052492D /* Assets.xcassets */; };
		41E6077B23CCCF780052492D /* Preview Assets.xcassets in Resources */ = {isa = PBXBuildFile; fileRef = 41E6077A23CCCF780052492D /* Preview Assets.xcassets */; };
		41E6077E23CCCF780052492D /* LaunchScreen.storyboard in Resources */ = {isa = PBXBuildFile; fileRef = 41E6077C23CCCF780052492D /* LaunchScreen.storyboard */; };
		41E6078623CCD13B0052492D /* Player.swift in Sources */ = {isa = PBXBuildFile; fileRef = 41E6078523CCD13B0052492D /* Player.swift */; };
		41E6078823CCDAE60052492D /* CapitalStatText.swift in Sources */ = {isa = PBXBuildFile; fileRef = 41E6078723CCDAE60052492D /* CapitalStatText.swift */; };
/* End PBXBuildFile section */

/* Begin PBXFileReference section */
		41E6076E23CCCF750052492D /* SwiftUIMBAExample.app */ = {isa = PBXFileReference; explicitFileType = wrapper.application; includeInIndex = 0; path = SwiftUIMBAExample.app; sourceTree = BUILT_PRODUCTS_DIR; };
		41E6077123CCCF750052492D /* AppDelegate.swift */ = {isa = PBXFileReference; lastKnownFileType = sourcecode.swift; path = AppDelegate.swift; sourceTree = "<group>"; };
		41E6077323CCCF750052492D /* SceneDelegate.swift */ = {isa = PBXFileReference; lastKnownFileType = sourcecode.swift; path = SceneDelegate.swift; sourceTree = "<group>"; };
		41E6077523CCCF750052492D /* ContentView.swift */ = {isa = PBXFileReference; lastKnownFileType = sourcecode.swift; path = ContentView.swift; sourceTree = "<group>"; };
		41E6077723CCCF780052492D /* Assets.xcassets */ = {isa = PBXFileReference; lastKnownFileType = folder.assetcatalog; path = Assets.xcassets; sourceTree = "<group>"; };
		41E6077A23CCCF780052492D /* Preview Assets.xcassets */ = {isa = PBXFileReference; lastKnownFileType = folder.assetcatalog; path = "Preview Assets.xcassets"; sourceTree = "<group>"; };
		41E6077D23CCCF780052492D /* Base */ = {isa = PBXFileReference; lastKnownFileType = file.storyboard; name = Base; path = Base.lproj/LaunchScreen.storyboard; sourceTree = "<group>"; };
		41E6077F23CCCF780052492D /* Info.plist */ = {isa = PBXFileReference; lastKnownFileType = text.plist.xml; path = Info.plist; sourceTree = "<group>"; };
		41E6078523CCD13B0052492D /* Player.swift */ = {isa = PBXFileReference; fileEncoding = 4; lastKnownFileType = sourcecode.swift; path = Player.swift; sourceTree = "<group>"; };
		41E6078723CCDAE60052492D /* CapitalStatText.swift */ = {isa = PBXFileReference; lastKnownFileType = sourcecode.swift; path = CapitalStatText.swift; sourceTree = "<group>"; };
/* End PBXFileReference section */

/* Begin PBXFrameworksBuildPhase section */
		41E6076B23CCCF750052492D /* Frameworks */ = {
			isa = PBXFrameworksBuildPhase;
			buildActionMask = 2147483647;
			files = (
			);
			runOnlyForDeploymentPostprocessing = 0;
		};
/* End PBXFrameworksBuildPhase section */

/* Begin PBXGroup section */
		41E6076523CCCF750052492D = {
			isa = PBXGroup;
			children = (
				41E6077023CCCF750052492D /* SwiftUIMBAExample */,
				41E6076F23CCCF750052492D /* Products */,
			);
			sourceTree = "<group>";
		};
		41E6076F23CCCF750052492D /* Products */ = {
			isa = PBXGroup;
			children = (
				41E6076E23CCCF750052492D /* SwiftUIMBAExample.app */,
			);
			name = Products;
			sourceTree = "<group>";
		};
		41E6077023CCCF750052492D /* SwiftUIMBAExample */ = {
			isa = PBXGroup;
			children = (
				41E6078523CCD13B0052492D /* Player.swift */,
				41E6077123CCCF750052492D /* AppDelegate.swift */,
				41E6077323CCCF750052492D /* SceneDelegate.swift */,
				41E6077523CCCF750052492D /* ContentView.swift */,
				41E6078723CCDAE60052492D /* CapitalStatText.swift */,
				41E6077723CCCF780052492D /* Assets.xcassets */,
				41E6077C23CCCF780052492D /* LaunchScreen.storyboard */,
				41E6077F23CCCF780052492D /* Info.plist */,
				41E6077923CCCF780052492D /* Preview Content */,
			);
			path = SwiftUIMBAExample;
			sourceTree = "<group>";
		};
		41E6077923CCCF780052492D /* Preview Content */ = {
			isa = PBXGroup;
			children = (
				41E6077A23CCCF780052492D /* Preview Assets.xcassets */,
			);
			path = "Preview Content";
			sourceTree = "<group>";
		};
/* End PBXGroup section */

/* Begin PBXNativeTarget section */
		41E6076D23CCCF750052492D /* SwiftUIMBAExample */ = {
			isa = PBXNativeTarget;
			buildConfigurationList = 41E6078223CCCF780052492D /* Build configuration list for PBXNativeTarget "SwiftUIMBAExample" */;
			buildPhases = (
				41E6076A23CCCF750052492D /* Sources */,
				41E6076B23CCCF750052492D /* Frameworks */,
				41E6076C23CCCF750052492D /* Resources */,
			);
			buildRules = (
			);
			dependencies = (
			);
			name = SwiftUIMBAExample;
			productName = SwiftUIMBAExample;
			productReference = 41E6076E23CCCF750052492D /* SwiftUIMBAExample.app */;
			productType = "com.apple.product-type.application";
		};
/* End PBXNativeTarget section */

/* Begin PBXProject section */
		41E6076623CCCF750052492D /* Project object */ = {
			isa = PBXProject;
			attributes = {
				LastSwiftUpdateCheck = 1130;
				LastUpgradeCheck = 1130;
				ORGANIZATIONNAME = "Thomas Cowern New";
				TargetAttributes = {
					41E6076D23CCCF750052492D = {
						CreatedOnToolsVersion = 11.3;
					};
				};
			};
			buildConfigurationList = 41E6076923CCCF750052492D /* Build configuration list for PBXProject "SwiftUIMBAExample" */;
			compatibilityVersion = "Xcode 9.3";
			developmentRegion = en;
			hasScannedForEncodings = 0;
			knownRegions = (
				en,
				Base,
			);
			mainGroup = 41E6076523CCCF750052492D;
			productRefGroup = 41E6076F23CCCF750052492D /* Products */;
			projectDirPath = "";
			projectRoot = "";
			targets = (
				41E6076D23CCCF750052492D /* SwiftUIMBAExample */,
			);
		};
/* End PBXProject section */

/* Begin PBXResourcesBuildPhase section */
		41E6076C23CCCF750052492D /* Resources */ = {
			isa = PBXResourcesBuildPhase;
			buildActionMask = 2147483647;
			files = (
				41E6077E23CCCF780052492D /* LaunchScreen.storyboard in Resources */,
				41E6077B23CCCF780052492D /* Preview Assets.xcassets in Resources */,
				41E6077823CCCF780052492D /* Assets.xcassets in Resources */,
			);
			runOnlyForDeploymentPostprocessing = 0;
		};
/* End PBXResourcesBuildPhase section */

/* Begin PBXSourcesBuildPhase section */
		41E6076A23CCCF750052492D /* Sources */ = {
			isa = PBXSourcesBuildPhase;
			buildActionMask = 2147483647;
			files = (
				41E6078623CCD13B0052492D /* Player.swift in Sources */,
				41E6078823CCDAE60052492D /* CapitalStatText.swift in Sources */,
				41E6077223CCCF750052492D /* AppDelegate.swift in Sources */,
				41E6077423CCCF750052492D /* SceneDelegate.swift in Sources */,
				41E6077623CCCF750052492D /* ContentView.swift in Sources */,
			);
			runOnlyForDeploymentPostprocessing = 0;
		};
/* End PBXSourcesBuildPhase section */

/* Begin PBXVariantGroup section */
		41E6077C23CCCF780052492D /* LaunchScreen.storyboard */ = {
			isa = PBXVariantGroup;
			children = (
				41E6077D23CCCF780052492D /* Base */,
			);
			name = LaunchScreen.storyboard;
			sourceTree = "<group>";
		};
/* End PBXVariantGroup section */

/* Begin XCBuildConfiguration section */
		41E6078023CCCF780052492D /* Debug */ = {
			isa = XCBuildConfiguration;
			buildSettings = {
				ALWAYS_SEARCH_USER_PATHS = NO;
				CLANG_ANALYZER_NONNULL = YES;
				CLANG_ANALYZER_NUMBER_OBJECT_CONVERSION = YES_AGGRESSIVE;
				CLANG_CXX_LANGUAGE_STANDARD = "gnu++14";
				CLANG_CXX_LIBRARY = "libc++";
				CLANG_ENABLE_MODULES = YES;
				CLANG_ENABLE_OBJC_ARC = YES;
				CLANG_ENABLE_OBJC_WEAK = YES;
				CLANG_WARN_BLOCK_CAPTURE_AUTORELEASING = YES;
				CLANG_WARN_BOOL_CONVERSION = YES;
				CLANG_WARN_COMMA = YES;
				CLANG_WARN_CONSTANT_CONVERSION = YES;
				CLANG_WARN_DEPRECATED_OBJC_IMPLEMENTATIONS = YES;
				CLANG_WARN_DIRECT_OBJC_ISA_USAGE = YES_ERROR;
				CLANG_WARN_DOCUMENTATION_COMMENTS = YES;
				CLANG_WARN_EMPTY_BODY = YES;
				CLANG_WARN_ENUM_CONVERSION = YES;
				CLANG_WARN_INFINITE_RECURSION = YES;
				CLANG_WARN_INT_CONVERSION = YES;
				CLANG_WARN_NON_LITERAL_NULL_CONVERSION = YES;
				CLANG_WARN_OBJC_IMPLICIT_RETAIN_SELF = YES;
				CLANG_WARN_OBJC_LITERAL_CONVERSION = YES;
				CLANG_WARN_OBJC_ROOT_CLASS = YES_ERROR;
				CLANG_WARN_RANGE_LOOP_ANALYSIS = YES;
				CLANG_WARN_STRICT_PROTOTYPES = YES;
				CLANG_WARN_SUSPICIOUS_MOVE = YES;
				CLANG_WARN_UNGUARDED_AVAILABILITY = YES_AGGRESSIVE;
				CLANG_WARN_UNREACHABLE_CODE = YES;
				CLANG_WARN__DUPLICATE_METHOD_MATCH = YES;
				COPY_PHASE_STRIP = NO;
				DEBUG_INFORMATION_FORMAT = dwarf;
				ENABLE_STRICT_OBJC_MSGSEND = YES;
				ENABLE_TESTABILITY = YES;
				GCC_C_LANGUAGE_STANDARD = gnu11;
				GCC_DYNAMIC_NO_PIC = NO;
				GCC_NO_COMMON_BLOCKS = YES;
				GCC_OPTIMIZATION_LEVEL = 0;
				GCC_PREPROCESSOR_DEFINITIONS = (
					"DEBUG=1",
					"$(inherited)",
				);
				GCC_WARN_64_TO_32_BIT_CONVERSION = YES;
				GCC_WARN_ABOUT_RETURN_TYPE = YES_ERROR;
				GCC_WARN_UNDECLARED_SELECTOR = YES;
				GCC_WARN_UNINITIALIZED_AUTOS = YES_AGGRESSIVE;
				GCC_WARN_UNUSED_FUNCTION = YES;
				GCC_WARN_UNUSED_VARIABLE = YES;
				IPHONEOS_DEPLOYMENT_TARGET = 13.2;
				MTL_ENABLE_DEBUG_INFO = INCLUDE_SOURCE;
				MTL_FAST_MATH = YES;
				ONLY_ACTIVE_ARCH = YES;
				SDKROOT = iphoneos;
				SWIFT_ACTIVE_COMPILATION_CONDITIONS = DEBUG;
				SWIFT_OPTIMIZATION_LEVEL = "-Onone";
			};
			name = Debug;
		};
		41E6078123CCCF780052492D /* Release */ = {
			isa = XCBuildConfiguration;
			buildSettings = {
				ALWAYS_SEARCH_USER_PATHS = NO;
				CLANG_ANALYZER_NONNULL = YES;
				CLANG_ANALYZER_NUMBER_OBJECT_CONVERSION = YES_AGGRESSIVE;
				CLANG_CXX_LANGUAGE_STANDARD = "gnu++14";
				CLANG_CXX_LIBRARY = "libc++";
				CLANG_ENABLE_MODULES = YES;
				CLANG_ENABLE_OBJC_ARC = YES;
				CLANG_ENABLE_OBJC_WEAK = YES;
				CLANG_WARN_BLOCK_CAPTURE_AUTORELEASING = YES;
				CLANG_WARN_BOOL_CONVERSION = YES;
				CLANG_WARN_COMMA = YES;
				CLANG_WARN_CONSTANT_CONVERSION = YES;
				CLANG_WARN_DEPRECATED_OBJC_IMPLEMENTATIONS = YES;
				CLANG_WARN_DIRECT_OBJC_ISA_USAGE = YES_ERROR;
				CLANG_WARN_DOCUMENTATION_COMMENTS = YES;
				CLANG_WARN_EMPTY_BODY = YES;
				CLANG_WARN_ENUM_CONVERSION = YES;
				CLANG_WARN_INFINITE_RECURSION = YES;
				CLANG_WARN_INT_CONVERSION = YES;
				CLANG_WARN_NON_LITERAL_NULL_CONVERSION = YES;
				CLANG_WARN_OBJC_IMPLICIT_RETAIN_SELF = YES;
				CLANG_WARN_OBJC_LITERAL_CONVERSION = YES;
				CLANG_WARN_OBJC_ROOT_CLASS = YES_ERROR;
				CLANG_WARN_RANGE_LOOP_ANALYSIS = YES;
				CLANG_WARN_STRICT_PROTOTYPES = YES;
				CLANG_WARN_SUSPICIOUS_MOVE = YES;
				CLANG_WARN_UNGUARDED_AVAILABILITY = YES_AGGRESSIVE;
				CLANG_WARN_UNREACHABLE_CODE = YES;
				CLANG_WARN__DUPLICATE_METHOD_MATCH = YES;
				COPY_PHASE_STRIP = NO;
				DEBUG_INFORMATION_FORMAT = "dwarf-with-dsym";
				ENABLE_NS_ASSERTIONS = NO;
				ENABLE_STRICT_OBJC_MSGSEND = YES;
				GCC_C_LANGUAGE_STANDARD = gnu11;
				GCC_NO_COMMON_BLOCKS = YES;
				GCC_WARN_64_TO_32_BIT_CONVERSION = YES;
				GCC_WARN_ABOUT_RETURN_TYPE = YES_ERROR;
				GCC_WARN_UNDECLARED_SELECTOR = YES;
				GCC_WARN_UNINITIALIZED_AUTOS = YES_AGGRESSIVE;
				GCC_WARN_UNUSED_FUNCTION = YES;
				GCC_WARN_UNUSED_VARIABLE = YES;
				IPHONEOS_DEPLOYMENT_TARGET = 13.2;
				MTL_ENABLE_DEBUG_INFO = NO;
				MTL_FAST_MATH = YES;
				SDKROOT = iphoneos;
				SWIFT_COMPILATION_MODE = wholemodule;
				SWIFT_OPTIMIZATION_LEVEL = "-O";
				VALIDATE_PRODUCT = YES;
			};
			name = Release;
		};
		41E6078323CCCF780052492D /* Debug */ = {
			isa = XCBuildConfiguration;
			buildSettings = {
				ASSETCATALOG_COMPILER_APPICON_NAME = AppIcon;
				CODE_SIGN_STYLE = Automatic;
				DEVELOPMENT_ASSET_PATHS = "\"SwiftUIMBAExample/Preview Content\"";
				DEVELOPMENT_TEAM = 56F54J4H3N;
				ENABLE_PREVIEWS = YES;
				INFOPLIST_FILE = SwiftUIMBAExample/Info.plist;
				LD_RUNPATH_SEARCH_PATHS = (
					"$(inherited)",
					"@executable_path/Frameworks",
				);
				PRODUCT_BUNDLE_IDENTIFIER = MobileSoftwareServices.SwiftUIMBAExample;
				PRODUCT_NAME = "$(TARGET_NAME)";
				SWIFT_VERSION = 5.0;
				TARGETED_DEVICE_FAMILY = "1,2";
			};
			name = Debug;
		};
		41E6078423CCCF780052492D /* Release */ = {
			isa = XCBuildConfiguration;
			buildSettings = {
				ASSETCATALOG_COMPILER_APPICON_NAME = AppIcon;
				CODE_SIGN_STYLE = Automatic;
				DEVELOPMENT_ASSET_PATHS = "\"SwiftUIMBAExample/Preview Content\"";
				DEVELOPMENT_TEAM = 56F54J4H3N;
				ENABLE_PREVIEWS = YES;
				INFOPLIST_FILE = SwiftUIMBAExample/Info.plist;
				LD_RUNPATH_SEARCH_PATHS = (
					"$(inherited)",
					"@executable_path/Frameworks",
				);
				PRODUCT_BUNDLE_IDENTIFIER = MobileSoftwareServices.SwiftUIMBAExample;
				PRODUCT_NAME = "$(TARGET_NAME)";
				SWIFT_VERSION = 5.0;
				TARGETED_DEVICE_FAMILY = "1,2";
			};
			name = Release;
		};
/* End XCBuildConfiguration section */

/* Begin XCConfigurationList section */
		41E6076923CCCF750052492D /* Build configuration list for PBXProject "SwiftUIMBAExample" */ = {
			isa = XCConfigurationList;
			buildConfigurations = (
				41E6078023CCCF780052492D /* Debug */,
				41E6078123CCCF780052492D /* Release */,
			);
			defaultConfigurationIsVisible = 0;
			defaultConfigurationName = Release;
		};
		41E6078223CCCF780052492D /* Build configuration list for PBXNativeTarget "SwiftUIMBAExample" */ = {
			isa = XCConfigurationList;
			buildConfigurations = (
				41E6078323CCCF780052492D /* Debug */,
				41E6078423CCCF780052492D /* Release */,
			);
			defaultConfigurationIsVisible = 0;
			defaultConfigurationName = Release;
		};
/* End XCConfigurationList section */
	};
	rootObject = 41E6076623CCCF750052492D /* Project object */;
}
